github.com/openabstractions/abstraction-asks/go v0.0.0-20260906210617-44220f898750 h1:APfLjzlvgrg73oLgJwJN0VKUNI2HZpCl10YUcz0HC94=
github.com/openabstractions/abstraction-asks/go v0.0.0-20260906210617-44220f898750/go.mod h1:0Tf5SBMA7mSLcuicNZDLKWhUR2Q68BUO0n3UaJwjGy0=
github.com/openabstractions/abstraction-cas/go v0.0.0-20260906174855-1e71bb92cfdc h1:+1VHHeOf6ufHJcIi6oZabf3nYFEyhUiVSWQecLEoBs8=
github.com/openabstractions/abstraction-cas/go v0.0.0-20260906174855-1e71bb92cfdc/go.mod h1:uCqBVttRdaxJX8BgB2SiuvWds/at5N5A20QBE3IK8S4=
github.com/openabstractions/abstraction-config/go v0.1.1-0.20260906205949-41db0942fd58 h1:XCoaVrGlMCTJ/lWvgaUmtrfeXWFIxxpI2bofP9KDB20=
github.com/openabstractions/abstraction-config/go v0.1.1-0.20260906205949-41db0942fd58/go.mod h1:6GFf+8FjRLMPKHMcLaEDQj/XI4EQA3L2YgK3OJ2L1l8=
github.com/openabstractions/abstraction-identity v0.0.0-20260906210518-f5f30990d379 h1:MRoHBSADil5r8u6DylyYEsZJjrQLVmwBRzy+PEVD8BM=
github.com/openabstractions/abstraction-identity v0.0.0-20260906210518-f5f30990d379/go.mod h1:gv5sDQuTQqv/UY+fXY5Q74i1junNIEvf/5UsZxMxwKY=
github.com/openabstractions/abstraction-job/go v0.1.1-0.20260906210115-f9637b11ed8c h1:zrYNaG3jo/fEbqgz+XFWEnYd47dQ+iThGMIlp1hog0E=
github.com/openabstractions/abstraction-job/go v0.1.1-0.20260906210115-f9637b11ed8c/go.mod h1:16GKaITbcqzngGGxkR93u6S/B+dDNFOwcyxbH789QeU=
github.com/openabstractions/abstraction-storage/go v0.1.1-0.20260906175707-b650246931fd h1:vayVWw3OUIXCEaTm/d+s0PCzrBdu+aOHbfTHN4mhb+o=
github.com/openabstractions/abstraction-storage/go v0.1.1-0.20260906175707-b650246931fd/go.mod h1:PItn7cCxymHmeRpLp1nCb3nNc0NBJFVfbcMo4AGiOTE=
github.com/openabstractions/abstraction-watch/go v0.0.0-20260906180147-40e6e6ff482f h1:nWgqaKPwU0sBJdUFGCPVjUEyTZPQR8lNsmuV0Pojbsg=
github.com/openabstractions/abstraction-watch/go v0.0.0-20260906180147-40e6e6ff482f/go.mod h1:RF56LZfdbxZj/UU7fKbOAOGIHPeLJlIQxPrX+EN0Rj4=
golang.org/x/sys v0.47.0 h1:o7XGOvZQCADBQQ4Y7VNq2dRWQR7JmOUW8Kxx4ZsNgWs=
golang.org/x/sys v0.47.0/go.mod h1:4GL1E5IUh+htKOUEOaiffhrAeqysfVGipDYzABqnCmw=
